Microsoft Visual Studio Solution File, Format Version 12.00
# Visual Studio Version 17
VisualStudioVersion = 17.5.2.0
MinimumVisualStudioVersion = 10.0.40219.1
Project("{2150E333-8FDC-42A3-9474-1A3956D46DE8}") = "csharp_dashboard", "csharp_dashboard", "{4A5DBF40-C3CD-E0D5-B7EF-D7F7AB06E24F}"
EndProject
Project("{FAE04EC0-301F-11D3-BF4B-00C04F79EFBC}") = "ASTRYX.Dashboard", "csharp_dashboard\ASTRYX.Dashboard.csproj", "{0F843D93-EDFE-6044-7601-B5A7752DF2D7}"
EndProject
Global
	GlobalSection(SolutionConfigurationPlatforms) = preSolution
		Debug|Any CPU = Debug|Any CPU
		Release|Any CPU = Release|Any CPU
	EndGlobalSection
	GlobalSection(ProjectConfigurationPlatforms) = postSolution
		{0F843D93-EDFE-6044-7601-B5A7752DF2D7}.Debug|Any CPU.ActiveCfg = Debug|Any CPU
		{0F843D93-EDFE-6044-7601-B5A7752DF2D7}.Debug|Any CPU.Build.0 = Debug|Any CPU
		{0F843D93-EDFE-6044-7601-B5A7752DF2D7}.Release|Any CPU.ActiveCfg = Release|Any CPU
		{0F843D93-EDFE-6044-7601-B5A7752DF2D7}.Release|Any CPU.Build.0 = Release|Any CPU
	EndGlobalSection
	GlobalSection(SolutionProperties) = preSolution
		HideSolutionNode = FALSE
	EndGlobalSection
	GlobalSection(NestedProjects) = preSolution
		{0F843D93-EDFE-6044-7601-B5A7752DF2D7} = {4A5DBF40-C3CD-E0D5-B7EF-D7F7AB06E24F}
	EndGlobalSection
	GlobalSection(ExtensibilityGlobals) = postSolution
		SolutionGuid = {BCC58342-E37E-47CE-A681-FD483E9A686F}
	EndGlobalSection
EndGlobal
